dependencies:
- name: postgresql
  repository: https://kubernetes-charts.storage.googleapis.com
  version: 0.13.0
- name: rabbitmq
  repository: https://kubernetes-charts.storage.googleapis.com
  version: 2.2.0
digest: sha256:e1dee89f7b6647487882e229b8a40c5ada34be3addd0e2334c30b5efed796d2c
generated: 2018-09-09T23:27:32.600210907+05:30
